
Microsoft Visual Studio Solution File, Format Version 12.00
# Visual Studio Version 16
VisualStudioVersion = 16.0.31321.278
MinimumVisualStudioVersion = 10.0.40219.1
Project("{FAE04EC0-301F-11D3-BF4B-00C04F79EFBC}") = "XMLDuplicateKeysRemovalApp", "XMLDuplicateKeysRemovalApp\XMLDuplicateKeysRemovalApp.csproj", "{3D72CB23-963F-4489-A378-6688D4A396B1}"
EndProject
Global
	GlobalSection(SolutionConfigurationPlatforms) = preSolution
		Debug|Any CPU = Debug|Any CPU
		Release|Any CPU = Release|Any CPU
	EndGlobalSection
	GlobalSection(ProjectConfigurationPlatforms) = postSolution
		{3D72CB23-963F-4489-A378-6688D4A396B1}.Debug|Any CPU.ActiveCfg = Debug|Any CPU
		{3D72CB23-963F-4489-A378-6688D4A396B1}.Debug|Any CPU.Build.0 = Debug|Any CPU
		{3D72CB23-963F-4489-A378-6688D4A396B1}.Release|Any CPU.ActiveCfg = Release|Any CPU
		{3D72CB23-963F-4489-A378-6688D4A396B1}.Release|Any CPU.Build.0 = Release|Any CPU
	EndGlobalSection
	GlobalSection(SolutionProperties) = preSolution
		HideSolutionNode = FALSE
	EndGlobalSection
	GlobalSection(ExtensibilityGlobals) = postSolution
		SolutionGuid = {F4F1B3DA-B89D-4EE8-97BD-1FF65A0178D2}
	EndGlobalSection
EndGlobal
